
Microsoft Visual Studio Solution File, Format Version 11.00
# Visual Studio 2010
Project("{FAE04EC0-301F-11D3-BF4B-00C04F79EFBC}") = "GameCore", "GameCore\GameCore.csproj", "{6CEEFED7-F420-477F-9EB7-F51272A5829E}"
EndProject
Project("{FAE04EC0-301F-11D3-BF4B-00C04F79EFBC}") = "Interfaces", "Interfaces\Interfaces.csproj", "{B7CD4770-D173-420A-8E4B-D718A2735077}"
EndProject
Global
	GlobalSection(SolutionConfigurationPlatforms) = preSolution
		Debug|Any CPU = Debug|Any CPU
		Release|Any CPU = Release|Any CPU
	EndGlobalSection
	GlobalSection(ProjectConfigurationPlatforms) = postSolution
		{6CEEFED7-F420-477F-9EB7-F51272A5829E}.Debug|Any CPU.ActiveCfg = Debug|Any CPU
		{6CEEFED7-F420-477F-9EB7-F51272A5829E}.Debug|Any CPU.Build.0 = Debug|Any CPU
		{6CEEFED7-F420-477F-9EB7-F51272A5829E}.Release|Any CPU.ActiveCfg = Release|Any CPU
		{6CEEFED7-F420-477F-9EB7-F51272A5829E}.Release|Any CPU.Build.0 = Release|Any CPU
		{B7CD4770-D173-420A-8E4B-D718A2735077}.Debug|Any CPU.ActiveCfg = Debug|Any CPU
		{B7CD4770-D173-420A-8E4B-D718A2735077}.Debug|Any CPU.Build.0 = Debug|Any CPU
		{B7CD4770-D173-420A-8E4B-D718A2735077}.Release|Any CPU.ActiveCfg = Release|Any CPU
		{B7CD4770-D173-420A-8E4B-D718A2735077}.Release|Any CPU.Build.0 = Release|Any CPU
	EndGlobalSection
	GlobalSection(SolutionProperties) = preSolution
		HideSolutionNode = FALSE
	EndGlobalSection
EndGlobal
