
Microsoft Visual Studio Solution File, Format Version 11.00
# Visual Studio 2010
Project("{FAE04EC0-301F-11D3-BF4B-00C04F79EFBC}") = "CommonInput", "CommonInput\CommonInput.csproj", "{83713527-D152-4F8C-94C4-5D0488DF3985}"
EndProject
Project("{FAE04EC0-301F-11D3-BF4B-00C04F79EFBC}") = "GameRule", "GameRule\GameRule.csproj", "{C3D6FF46-2C17-4A63-BB12-3B5690751763}"
	ProjectSection(ProjectDependencies) = postProject
		{83713527-D152-4F8C-94C4-5D0488DF3985} = {83713527-D152-4F8C-94C4-5D0488DF3985}
	EndProjectSection
EndProject
Global
	GlobalSection(SolutionConfigurationPlatforms) = preSolution
		Debug|Any CPU = Debug|Any CPU
		Release|Any CPU = Release|Any CPU
	EndGlobalSection
	GlobalSection(ProjectConfigurationPlatforms) = postSolution
		{83713527-D152-4F8C-94C4-5D0488DF3985}.Debug|Any CPU.ActiveCfg = Debug|Any CPU
		{83713527-D152-4F8C-94C4-5D0488DF3985}.Debug|Any CPU.Build.0 = Debug|Any CPU
		{83713527-D152-4F8C-94C4-5D0488DF3985}.Release|Any CPU.ActiveCfg = Release|Any CPU
		{83713527-D152-4F8C-94C4-5D0488DF3985}.Release|Any CPU.Build.0 = Release|Any CPU
		{C3D6FF46-2C17-4A63-BB12-3B5690751763}.Debug|Any CPU.ActiveCfg = Debug|Any CPU
		{C3D6FF46-2C17-4A63-BB12-3B5690751763}.Debug|Any CPU.Build.0 = Debug|Any CPU
		{C3D6FF46-2C17-4A63-BB12-3B5690751763}.Release|Any CPU.ActiveCfg = Release|Any CPU
		{C3D6FF46-2C17-4A63-BB12-3B5690751763}.Release|Any CPU.Build.0 = Release|Any CPU
	EndGlobalSection
	GlobalSection(SolutionProperties) = preSolution
		HideSolutionNode = FALSE
	EndGlobalSection
EndGlobal
